
Microsoft Visual Studio Solution File, Format Version 12.00
# Visual Studio Version 16
VisualStudioVersion = 16.0.29806.167
MinimumVisualStudioVersion = 10.0.40219.1
Project("{FAE04EC0-301F-11D3-BF4B-00C04F79EFBC}") = "Bookshelf.Application", "Bookshelf.Application\Bookshelf.Application.csproj", "{0AB52311-F2F3-4455-A8C5-479043947343}"
EndProject
Project("{FAE04EC0-301F-11D3-BF4B-00C04F79EFBC}") = "Bookshelf.Model", "Bookshelf.Model\Bookshelf.Model.csproj", "{F258627D-2A2D-4793-AFAA-B9D23788AE3A}"
EndProject
Project("{FAE04EC0-301F-11D3-BF4B-00C04F79EFBC}") = "Bookshelf.Repository", "Bookshelf.Repository\Bookshelf.Repository.csproj", "{E12871F0-5298-4AAA-984D-4A6049E13CEF}"
EndProject
Project("{FAE04EC0-301F-11D3-BF4B-00C04F79EFBC}") = "Bookshelf.WebContract", "Bookshelf.WebContract\Bookshelf.WebContract.csproj", "{5EB7C6A4-451F-4421-ACD9-634573F18CD8}"
EndProject
Project("{FAE04EC0-301F-11D3-BF4B-00C04F79EFBC}") = "Bookshelf.Validator", "Bookshelf.Validator\Bookshelf.Validator.csproj", "{6272FB64-A9EB-4820-8AA9-FB6CF897ACB8}"
EndProject
Project("{FAE04EC0-301F-11D3-BF4B-00C04F79EFBC}") = "Bookshelf.WebHost", "Bookshelf.WebHost\Bookshelf.WebHost.csproj", "{1F65C301-181B-48D1-A1CF-101D1DCD6007}"
EndProject
Project("{FAE04EC0-301F-11D3-BF4B-00C04F79EFBC}") = "Bookshelf.Utils", "Bookshelf.Utils\Bookshelf.Utils.csproj", "{249D419B-49A4-4FFA-8F2D-7A99FB93EB80}"
EndProject
Project("{FAE04EC0-301F-11D3-BF4B-00C04F79EFBC}") = "Bookshelf.Contract", "Bookshelf.Contract\Bookshelf.Contract.csproj", "{AE2BFDB9-683B-4891-8979-B4562252E697}"
EndProject
Project("{FAE04EC0-301F-11D3-BF4B-00C04F79EFBC}") = "Bookshelf.Authorization", "Bookshelf.Authorization\Bookshelf.Authorization.csproj", "{9384DDC7-FBDA-4DFA-9E9C-678BB65C94EB}"
EndProject
Global
	GlobalSection(SolutionConfigurationPlatforms) = preSolution
		Debug|Any CPU = Debug|Any CPU
		Release|Any CPU = Release|Any CPU
	EndGlobalSection
	GlobalSection(ProjectConfigurationPlatforms) = postSolution
		{0AB52311-F2F3-4455-A8C5-479043947343}.Debug|Any CPU.ActiveCfg = Debug|Any CPU
		{0AB52311-F2F3-4455-A8C5-479043947343}.Debug|Any CPU.Build.0 = Debug|Any CPU
		{0AB52311-F2F3-4455-A8C5-479043947343}.Release|Any CPU.ActiveCfg = Release|Any CPU
		{0AB52311-F2F3-4455-A8C5-479043947343}.Release|Any CPU.Build.0 = Release|Any CPU
		{F258627D-2A2D-4793-AFAA-B9D23788AE3A}.Debug|Any CPU.ActiveCfg = Debug|Any CPU
		{F258627D-2A2D-4793-AFAA-B9D23788AE3A}.Debug|Any CPU.Build.0 = Debug|Any CPU
		{F258627D-2A2D-4793-AFAA-B9D23788AE3A}.Release|Any CPU.ActiveCfg = Release|Any CPU
		{F258627D-2A2D-4793-AFAA-B9D23788AE3A}.Release|Any CPU.Build.0 = Release|Any CPU
		{E12871F0-5298-4AAA-984D-4A6049E13CEF}.Debug|Any CPU.ActiveCfg = Debug|Any CPU
		{E12871F0-5298-4AAA-984D-4A6049E13CEF}.Debug|Any CPU.Build.0 = Debug|Any CPU
		{E12871F0-5298-4AAA-984D-4A6049E13CEF}.Release|Any CPU.ActiveCfg = Release|Any CPU
		{E12871F0-5298-4AAA-984D-4A6049E13CEF}.Release|Any CPU.Build.0 = Release|Any CPU
		{5EB7C6A4-451F-4421-ACD9-634573F18CD8}.Debug|Any CPU.ActiveCfg = Debug|Any CPU
		{5EB7C6A4-451F-4421-ACD9-634573F18CD8}.Debug|Any CPU.Build.0 = Debug|Any CPU
		{5EB7C6A4-451F-4421-ACD9-634573F18CD8}.Release|Any CPU.ActiveCfg = Release|Any CPU
		{5EB7C6A4-451F-4421-ACD9-634573F18CD8}.Release|Any CPU.Build.0 = Release|Any CPU
		{6272FB64-A9EB-4820-8AA9-FB6CF897ACB8}.Debug|Any CPU.ActiveCfg = Debug|Any CPU
		{6272FB64-A9EB-4820-8AA9-FB6CF897ACB8}.Debug|Any CPU.Build.0 = Debug|Any CPU
		{6272FB64-A9EB-4820-8AA9-FB6CF897ACB8}.Release|Any CPU.ActiveCfg = Release|Any CPU
		{6272FB64-A9EB-4820-8AA9-FB6CF897ACB8}.Release|Any CPU.Build.0 = Release|Any CPU
		{1F65C301-181B-48D1-A1CF-101D1DCD6007}.Debug|Any CPU.ActiveCfg = Debug|Any CPU
		{1F65C301-181B-48D1-A1CF-101D1DCD6007}.Debug|Any CPU.Build.0 = Debug|Any CPU
		{1F65C301-181B-48D1-A1CF-101D1DCD6007}.Release|Any CPU.ActiveCfg = Release|Any CPU
		{1F65C301-181B-48D1-A1CF-101D1DCD6007}.Release|Any CPU.Build.0 = Release|Any CPU
		{249D419B-49A4-4FFA-8F2D-7A99FB93EB80}.Debug|Any CPU.ActiveCfg = Debug|Any CPU
		{249D419B-49A4-4FFA-8F2D-7A99FB93EB80}.Debug|Any CPU.Build.0 = Debug|Any CPU
		{249D419B-49A4-4FFA-8F2D-7A99FB93EB80}.Release|Any CPU.ActiveCfg = Release|Any CPU
		{249D419B-49A4-4FFA-8F2D-7A99FB93EB80}.Release|Any CPU.Build.0 = Release|Any CPU
		{AE2BFDB9-683B-4891-8979-B4562252E697}.Debug|Any CPU.ActiveCfg = Debug|Any CPU
		{AE2BFDB9-683B-4891-8979-B4562252E697}.Debug|Any CPU.Build.0 = Debug|Any CPU
		{AE2BFDB9-683B-4891-8979-B4562252E697}.Release|Any CPU.ActiveCfg = Release|Any CPU
		{AE2BFDB9-683B-4891-8979-B4562252E697}.Release|Any CPU.Build.0 = Release|Any CPU
		{9384DDC7-FBDA-4DFA-9E9C-678BB65C94EB}.Debug|Any CPU.ActiveCfg = Debug|Any CPU
		{9384DDC7-FBDA-4DFA-9E9C-678BB65C94EB}.Debug|Any CPU.Build.0 = Debug|Any CPU
		{9384DDC7-FBDA-4DFA-9E9C-678BB65C94EB}.Release|Any CPU.ActiveCfg = Release|Any CPU
		{9384DDC7-FBDA-4DFA-9E9C-678BB65C94EB}.Release|Any CPU.Build.0 = Release|Any CPU
	EndGlobalSection
	GlobalSection(SolutionProperties) = preSolution
		HideSolutionNode = FALSE
	EndGlobalSection
	GlobalSection(ExtensibilityGlobals) = postSolution
		SolutionGuid = {403E35AF-C45F-41C6-8C04-2C144C0290ED}
	EndGlobalSection
EndGlobal
